{
  "name": "ays",
  "version": "0.0.0",
  "lockfileVersion": 1,
  "requires": true,
  "dependencies": {
    "@ngrx/effects": {
      "version": "4.0.3",
      "resolved": "https://registry.npmjs.org/@ngrx/effects/-/effects-4.0.3.tgz",
      "integrity": "sha1-XB+7pWZTc84opZNKEiptWxvBXt8="
    }
  }
}
